<?xml version="1.0" encoding="utf-8"?>
<Project ToolsVersion="4.0" xmlns="http://schemas.microsoft.com/developer/msbuild/2003">
  <ItemGroup>
    <Filter Include="Source Files">
      <UniqueIdentifier>{4FC737F1-C7A5-4376-A066-2A32D752A2FF}</UniqueIdentifier>
      <Extensions>cpp;c;cc;cxx;c++;cppm;ixx;def;odl;idl;hpj;bat;asm;asmx</Extensions>
    </Filter>
    <Filter Include="Header Files">
      <UniqueIdentifier>{93995380-89BD-4b04-88EB-625FBE52EBFB}</UniqueIdentifier>
      <Extensions>h;hh;hpp;hxx;h++;hm;inl;inc;ipp;xsd</Extensions>
    </Filter>
    <Filter Include="Resource Files">
      <UniqueIdentifier>{67DA6AB6-F800-4c08-8B7A-83BB121AAD01}</UniqueIdentifier>
      <Extensions>rc;ico;cur;bmp;dlg;rc2;rct;bin;rgs;gif;jpg;jpeg;jpe;resx;tiff;tif;png;wav;mfcribbon-ms</Extensions>
    </Filter>
    <Filter Include="Source Files\Common">
      <UniqueIdentifier>{fd66c1fd-fe10-4b79-8467-cc507e7a3136}</UniqueIdentifier>
    </Filter>
  </ItemGroup>
  <ItemGroup>
    <ClCompile Include="main.cc">
      <Filter>Source Files</Filter>
    </ClCompile>
    <ClCompile Include="PCH.cc">
      <Filter>Source Files</Filter>
    </ClCompile>
    <ClCompile Include="..\Common\Basic.cc">
      <Filter>Source Files\Common</Filter>
    </ClCompile>
    <ClCompile Include="OS_AddressEvent.cc">
      <Filter>Source Files</Filter>
    </ClCompile>
    <ClCompile Include="OS_Signal.cc">
      <Filter>Source Files</Filter>
    </ClCompile>
    <ClCompile Include="LogService.cc">
      <Filter>Source Files</Filter>
    </ClCompile>
    <ClCompile Include="DeviceService.cc">
      <Filter>Source Files</Filter>
    </ClCompile>
    <ClCompile Include="DataService.cc">
      <Filter>Source Files</Filter>
    </ClCompile>
    <ClCompile Include="DeviceReadService.cc">
      <Filter>Source Files</Filter>
    </ClCompile>
    <ClCompile Include="DeviceWriteService.cc">
      <Filter>Source Files</Filter>
    </ClCompile>
    <ClCompile Include="..\Common\Audit.cc">
      <Filter>Source Files\Common</Filter>
    </ClCompile>
    <ClCompile Include="IOService.cc">
      <Filter>Source Files</Filter>
    </ClCompile>
  </ItemGroup>
  <ItemGroup>
    <ClInclude Include="PCH.h">
      <Filter>Source Files</Filter>
    </ClInclude>
    <ClInclude Include="..\Common\Compile.h">
      <Filter>Source Files\Common</Filter>
    </ClInclude>
    <ClInclude Include="..\Common\Compile_PCH.h">
      <Filter>Source Files\Common</Filter>
    </ClInclude>
    <ClInclude Include="..\Common\Protocol.h">
      <Filter>Source Files\Common</Filter>
    </ClInclude>
    <ClInclude Include="..\Common\Basic.h">
      <Filter>Source Files\Common</Filter>
    </ClInclude>
    <ClInclude Include="OS_AddressEvent.h">
      <Filter>Source Files</Filter>
    </ClInclude>
    <ClInclude Include="OS_Signal.h">
      <Filter>Source Files</Filter>
    </ClInclude>
    <ClInclude Include="Y.h">
      <Filter>Source Files</Filter>
    </ClInclude>
    <ClInclude Include="Y_EventMM.h">
      <Filter>Source Files</Filter>
    </ClInclude>
    <ClInclude Include="Y_PoolFairMM.h">
      <Filter>Source Files</Filter>
    </ClInclude>
    <ClInclude Include="Y_PoolFrugalMM.h">
      <Filter>Source Files</Filter>
    </ClInclude>
    <ClInclude Include="Y_QueueMM.h">
      <Filter>Source Files</Filter>
    </ClInclude>
    <ClInclude Include="Y_QueueSS.h">
      <Filter>Source Files</Filter>
    </ClInclude>
    <ClInclude Include="Y_RWLockMM.h">
      <Filter>Source Files</Filter>
    </ClInclude>
    <ClInclude Include="LogService.h">
      <Filter>Source Files</Filter>
    </ClInclude>
    <ClInclude Include="DeviceService.h">
      <Filter>Source Files</Filter>
    </ClInclude>
    <ClInclude Include="DataService.h">
      <Filter>Source Files</Filter>
    </ClInclude>
    <ClInclude Include="..\Common\Version.h">
      <Filter>Source Files\Common</Filter>
    </ClInclude>
    <ClInclude Include="..\Common\Version_MajorMinorPatch.h">
      <Filter>Source Files\Common</Filter>
    </ClInclude>
    <ClInclude Include="..\Common\Version_Revision.h">
      <Filter>Source Files\Common</Filter>
    </ClInclude>
    <ClInclude Include="..\Common\Pausable.h">
      <Filter>Source Files\Common</Filter>
    </ClInclude>
    <ClInclude Include="..\Common\StateMachine.h">
      <Filter>Source Files\Common</Filter>
    </ClInclude>
    <ClInclude Include="DeviceReadService.h">
      <Filter>Source Files</Filter>
    </ClInclude>
    <ClInclude Include="DeviceWriteService.h">
      <Filter>Source Files</Filter>
    </ClInclude>
    <ClInclude Include="..\Common\Audit.h">
      <Filter>Source Files\Common</Filter>
    </ClInclude>
    <ClInclude Include="IOService.h">
      <Filter>Source Files</Filter>
    </ClInclude>
    <ClInclude Include="Y_IndexRentalMM.h">
      <Filter>Source Files</Filter>
    </ClInclude>
  </ItemGroup>
  <ItemGroup>
    <None Include="..\Common\Version_Revision.bat">
      <Filter>Source Files\Common</Filter>
    </None>
    <None Include="..\Common\Version_Revision.sh">
      <Filter>Source Files\Common</Filter>
    </None>
    <None Include="..\Common\Audit.natjmc">
      <Filter>Source Files\Common</Filter>
    </None>
  </ItemGroup>
</Project>